
Microsoft Visual Studio Solution File, Format Version 12.00
# Visual Studio Version 17
VisualStudioVersion = 17.5.33516.290
MinimumVisualStudioVersion = 10.0.40219.1
Project("{FAE04EC0-301F-11D3-BF4B-00C04F79EFBC}") = "RelationshipApi", "RelationshipApi\RelationshipApi.csproj", "{EF0F1D7F-E418-43B5-9955-18083211EED5}"
EndProject
Global
	GlobalSection(SolutionConfigurationPlatforms) = preSolution
		Debug|Any CPU = Debug|Any CPU
		Release|Any CPU = Release|Any CPU
	EndGlobalSection
	GlobalSection(ProjectConfigurationPlatforms) = postSolution
		{EF0F1D7F-E418-43B5-9955-18083211EED5}.Debug|Any CPU.ActiveCfg = Debug|Any CPU
		{EF0F1D7F-E418-43B5-9955-18083211EED5}.Debug|Any CPU.Build.0 = Debug|Any CPU
		{EF0F1D7F-E418-43B5-9955-18083211EED5}.Release|Any CPU.ActiveCfg = Release|Any CPU
		{EF0F1D7F-E418-43B5-9955-18083211EED5}.Release|Any CPU.Build.0 = Release|Any CPU
	EndGlobalSection
	GlobalSection(SolutionProperties) = preSolution
		HideSolutionNode = FALSE
	EndGlobalSection
	GlobalSection(ExtensibilityGlobals) = postSolution
		SolutionGuid = {0007E3C6-D94A-4B7E-916D-F299BBF6010C}
	EndGlobalSection
EndGlobal
